Microsoft Visual Studio Solution File, Format Version 12.00
# Visual Studio Version 17
VisualStudioVersion = 17.5.2.0
MinimumVisualStudioVersion = 10.0.40219.1
Project("{FAE04EC0-301F-11D3-BF4B-00C04F79EFBC}") = "ApprooveItApi", "approoveit-api\ApprooveItApi.csproj", "{9199E362-BEDC-E4AD-71E5-6718EFE472CD}"
EndProject
Global
	GlobalSection(SolutionConfigurationPlatforms) = preSolution
		Debug|Any CPU = Debug|Any CPU
		Release|Any CPU = Release|Any CPU
	EndGlobalSection
	GlobalSection(ProjectConfigurationPlatforms) = postSolution
		{9199E362-BEDC-E4AD-71E5-6718EFE472CD}.Debug|Any CPU.ActiveCfg = Debug|Any CPU
		{9199E362-BEDC-E4AD-71E5-6718EFE472CD}.Debug|Any CPU.Build.0 = Debug|Any CPU
		{9199E362-BEDC-E4AD-71E5-6718EFE472CD}.Release|Any CPU.ActiveCfg = Release|Any CPU
		{9199E362-BEDC-E4AD-71E5-6718EFE472CD}.Release|Any CPU.Build.0 = Release|Any CPU
	EndGlobalSection
	GlobalSection(SolutionProperties) = preSolution
		HideSolutionNode = FALSE
	EndGlobalSection
	GlobalSection(ExtensibilityGlobals) = postSolution
		SolutionGuid = {0CE5C121-D486-40CA-9DEC-88627F9D2837}
	EndGlobalSection
EndGlobal
