{
  "name": "ThumbsUpApi",
  "lockfileVersion": 3,
  "requires": true,
  "packages": {
    "": {
      "dependencies": {
        "@paddle/paddle-js": "^1.5.1"
      }
    },
    "node_modules/@paddle/paddle-js": {
      "version": "1.5.1",
      "resolved": "https://registry.npmjs.org/@paddle/paddle-js/-/paddle-js-1.5.1.tgz",
      "integrity": "sha512-n5btAxhRt3ws0/7g8tlz5yH1kYbN3DRp4pKQD5F2hueovmn6rasxrlJJgd33+dI9amA2w2OjkV+mxuori4eEJA==",
      "license": "Apache-2.0"
    }
  }
}
